
Microsoft Visual Studio Solution File, Format Version 12.00
# Visual Studio Version 17
VisualStudioVersion = 17.1.32414.318
MinimumVisualStudioVersion = 10.0.40219.1
Project("{8BC9CEB8-8B4A-11D0-8D11-00A0C91BC942}") = "stack_01", "stack_01\stack_01.vcxproj", "{0C0B3F45-BC63-4B89-8239-2A445A5709F2}"
EndProject
Project("{8BC9CEB8-8B4A-11D0-8D11-00A0C91BC942}") = "exercise_01", "exercise_01\exercise_01.vcxproj", "{EF087391-F86C-4C7F-A4D5-93399E350F5D}"
EndProject
Project("{8BC9CEB8-8B4A-11D0-8D11-00A0C91BC942}") = "exercise_02", "exercise_02\exercise_02.vcxproj", "{70051AF6-5D28-44AD-AD3B-B0A56CA805EC}"
EndProject
Project("{8BC9CEB8-8B4A-11D0-8D11-00A0C91BC942}") = "_for_debugging", "for_debugging\for_debugging.vcxproj", "{11A9AAE1-D07F-411A-8882-E7AA840EE2DD}"
EndProject
Project("{8BC9CEB8-8B4A-11D0-8D11-00A0C91BC942}") = "queue_01", "queue_01\queue_01.vcxproj", "{2D76AF61-2BF2-4500-88DE-7A35051782A8}"
EndProject
Project("{8BC9CEB8-8B4A-11D0-8D11-00A0C91BC942}") = "queue_02", "queue_02\queue_02.vcxproj", "{2C8C183A-9020-4985-80BC-296B85957657}"
EndProject
Global
	GlobalSection(SolutionConfigurationPlatforms) = preSolution
		Debug|x64 = Debug|x64
		Debug|x86 = Debug|x86
		Release|x64 = Release|x64
		Release|x86 = Release|x86
	EndGlobalSection
	GlobalSection(ProjectConfigurationPlatforms) = postSolution
		{0C0B3F45-BC63-4B89-8239-2A445A5709F2}.Debug|x64.ActiveCfg = Debug|x64
		{0C0B3F45-BC63-4B89-8239-2A445A5709F2}.Debug|x64.Build.0 = Debug|x64
		{0C0B3F45-BC63-4B89-8239-2A445A5709F2}.Debug|x86.ActiveCfg = Debug|Win32
		{0C0B3F45-BC63-4B89-8239-2A445A5709F2}.Debug|x86.Build.0 = Debug|Win32
		{0C0B3F45-BC63-4B89-8239-2A445A5709F2}.Release|x64.ActiveCfg = Release|x64
		{0C0B3F45-BC63-4B89-8239-2A445A5709F2}.Release|x64.Build.0 = Release|x64
		{0C0B3F45-BC63-4B89-8239-2A445A5709F2}.Release|x86.ActiveCfg = Release|Win32
		{0C0B3F45-BC63-4B89-8239-2A445A5709F2}.Release|x86.Build.0 = Release|Win32
		{EF087391-F86C-4C7F-A4D5-93399E350F5D}.Debug|x64.ActiveCfg = Debug|x64
		{EF087391-F86C-4C7F-A4D5-93399E350F5D}.Debug|x64.Build.0 = Debug|x64
		{EF087391-F86C-4C7F-A4D5-93399E350F5D}.Debug|x86.ActiveCfg = Debug|Win32
		{EF087391-F86C-4C7F-A4D5-93399E350F5D}.Debug|x86.Build.0 = Debug|Win32
		{EF087391-F86C-4C7F-A4D5-93399E350F5D}.Release|x64.ActiveCfg = Release|x64
		{EF087391-F86C-4C7F-A4D5-93399E350F5D}.Release|x64.Build.0 = Release|x64
		{EF087391-F86C-4C7F-A4D5-93399E350F5D}.Release|x86.ActiveCfg = Release|Win32
		{EF087391-F86C-4C7F-A4D5-93399E350F5D}.Release|x86.Build.0 = Release|Win32
		{70051AF6-5D28-44AD-AD3B-B0A56CA805EC}.Debug|x64.ActiveCfg = Debug|x64
		{70051AF6-5D28-44AD-AD3B-B0A56CA805EC}.Debug|x64.Build.0 = Debug|x64
		{70051AF6-5D28-44AD-AD3B-B0A56CA805EC}.Debug|x86.ActiveCfg = Debug|Win32
		{70051AF6-5D28-44AD-AD3B-B0A56CA805EC}.Debug|x86.Build.0 = Debug|Win32
		{70051AF6-5D28-44AD-AD3B-B0A56CA805EC}.Release|x64.ActiveCfg = Release|x64
		{70051AF6-5D28-44AD-AD3B-B0A56CA805EC}.Release|x64.Build.0 = Release|x64
		{70051AF6-5D28-44AD-AD3B-B0A56CA805EC}.Release|x86.ActiveCfg = Release|Win32
		{70051AF6-5D28-44AD-AD3B-B0A56CA805EC}.Release|x86.Build.0 = Release|Win32
		{11A9AAE1-D07F-411A-8882-E7AA840EE2DD}.Debug|x64.ActiveCfg = Debug|x64
		{11A9AAE1-D07F-411A-8882-E7AA840EE2DD}.Debug|x64.Build.0 = Debug|x64
		{11A9AAE1-D07F-411A-8882-E7AA840EE2DD}.Debug|x86.ActiveCfg = Debug|Win32
		{11A9AAE1-D07F-411A-8882-E7AA840EE2DD}.Debug|x86.Build.0 = Debug|Win32
		{11A9AAE1-D07F-411A-8882-E7AA840EE2DD}.Release|x64.ActiveCfg = Release|x64
		{11A9AAE1-D07F-411A-8882-E7AA840EE2DD}.Release|x64.Build.0 = Release|x64
		{11A9AAE1-D07F-411A-8882-E7AA840EE2DD}.Release|x86.ActiveCfg = Release|Win32
		{11A9AAE1-D07F-411A-8882-E7AA840EE2DD}.Release|x86.Build.0 = Release|Win32
		{2D76AF61-2BF2-4500-88DE-7A35051782A8}.Debug|x64.ActiveCfg = Debug|x64
		{2D76AF61-2BF2-4500-88DE-7A35051782A8}.Debug|x64.Build.0 = Debug|x64
		{2D76AF61-2BF2-4500-88DE-7A35051782A8}.Debug|x86.ActiveCfg = Debug|Win32
		{2D76AF61-2BF2-4500-88DE-7A35051782A8}.Debug|x86.Build.0 = Debug|Win32
		{2D76AF61-2BF2-4500-88DE-7A35051782A8}.Release|x64.ActiveCfg = Release|x64
		{2D76AF61-2BF2-4500-88DE-7A35051782A8}.Release|x64.Build.0 = Release|x64
		{2D76AF61-2BF2-4500-88DE-7A35051782A8}.Release|x86.ActiveCfg = Release|Win32
		{2D76AF61-2BF2-4500-88DE-7A35051782A8}.Release|x86.Build.0 = Release|Win32
		{2C8C183A-9020-4985-80BC-296B85957657}.Debug|x64.ActiveCfg = Debug|x64
		{2C8C183A-9020-4985-80BC-296B85957657}.Debug|x64.Build.0 = Debug|x64
		{2C8C183A-9020-4985-80BC-296B85957657}.Debug|x86.ActiveCfg = Debug|Win32
		{2C8C183A-9020-4985-80BC-296B85957657}.Debug|x86.Build.0 = Debug|Win32
		{2C8C183A-9020-4985-80BC-296B85957657}.Release|x64.ActiveCfg = Release|x64
		{2C8C183A-9020-4985-80BC-296B85957657}.Release|x64.Build.0 = Release|x64
		{2C8C183A-9020-4985-80BC-296B85957657}.Release|x86.ActiveCfg = Release|Win32
		{2C8C183A-9020-4985-80BC-296B85957657}.Release|x86.Build.0 = Release|Win32
	EndGlobalSection
	GlobalSection(SolutionProperties) = preSolution
		HideSolutionNode = FALSE
	EndGlobalSection
	GlobalSection(ExtensibilityGlobals) = postSolution
		SolutionGuid = {920BDBE7-02B8-418D-A9FC-9613FBF2C86D}
	EndGlobalSection
EndGlobal
